
Microsoft Visual Studio Solution File, Format Version 12.00
# Visual Studio Version 17
VisualStudioVersion = 17.10.35013.160
MinimumVisualStudioVersion = 10.0.40219.1
Project("{FAE04EC0-301F-11D3-BF4B-00C04F79EFBC}") = "PersonBMI", "PersonBMI\PersonBMI.csproj", "{694E26F4-A7FE-4F9C-96A4-14DBD257E3E9}"
EndProject
Project("{2150E333-8FDC-42A3-9474-1A3956D46DE8}") = "Solution Items", "Solution Items", "{7DA4374F-E034-4933-9146-FBD5E137BF49}"
	ProjectSection(SolutionItems) = preProject
		Person.cs = Person.cs
	EndProjectSection
EndProject
Global
	GlobalSection(SolutionConfigurationPlatforms) = preSolution
		Debug|Any CPU = Debug|Any CPU
		Release|Any CPU = Release|Any CPU
	EndGlobalSection
	GlobalSection(ProjectConfigurationPlatforms) = postSolution
		{694E26F4-A7FE-4F9C-96A4-14DBD257E3E9}.Debug|Any CPU.ActiveCfg = Debug|Any CPU
		{694E26F4-A7FE-4F9C-96A4-14DBD257E3E9}.Debug|Any CPU.Build.0 = Debug|Any CPU
		{694E26F4-A7FE-4F9C-96A4-14DBD257E3E9}.Release|Any CPU.ActiveCfg = Release|Any CPU
		{694E26F4-A7FE-4F9C-96A4-14DBD257E3E9}.Release|Any CPU.Build.0 = Release|Any CPU
	EndGlobalSection
	GlobalSection(SolutionProperties) = preSolution
		HideSolutionNode = FALSE
	EndGlobalSection
	GlobalSection(ExtensibilityGlobals) = postSolution
		SolutionGuid = {AB84124E-37E2-45EA-BC8A-AC4BBE3714C2}
	EndGlobalSection
EndGlobal
